
Microsoft Visual Studio Solution File, Format Version 12.00
# Visual Studio Version 16
VisualStudioVersion = 16.0.31005.135
MinimumVisualStudioVersion = 10.0.40219.1
Project("{FAE04EC0-301F-11D3-BF4B-00C04F79EFBC}") = "SmartLamp", "SmartLamp\SmartLamp.csproj", "{47491466-F500-41E0-AC3B-4E99320C33E1}"
EndProject
Global
	GlobalSection(SolutionConfigurationPlatforms) = preSolution
		Debug|Any CPU = Debug|Any CPU
		Release|Any CPU = Release|Any CPU
	EndGlobalSection
	GlobalSection(ProjectConfigurationPlatforms) = postSolution
		{47491466-F500-41E0-AC3B-4E99320C33E1}.Debug|Any CPU.ActiveCfg = Debug|Any CPU
		{47491466-F500-41E0-AC3B-4E99320C33E1}.Debug|Any CPU.Build.0 = Debug|Any CPU
		{47491466-F500-41E0-AC3B-4E99320C33E1}.Release|Any CPU.ActiveCfg = Release|Any CPU
		{47491466-F500-41E0-AC3B-4E99320C33E1}.Release|Any CPU.Build.0 = Release|Any CPU
	EndGlobalSection
	GlobalSection(SolutionProperties) = preSolution
		HideSolutionNode = FALSE
	EndGlobalSection
	GlobalSection(ExtensibilityGlobals) = postSolution
		SolutionGuid = {16A85152-98E3-4501-9A26-6FB53124A2A7}
	EndGlobalSection
EndGlobal
